// !$*UTF8*$!
{
	archiveVersion = 1;
	classes = {
	};
	objectVersion = 77;
	objects = {

/* Begin PBXBuildFile section */
		8E9954CA2D10ABB700663523 /* onchain_safay Extension.appex in Embed Foundation Extensions */ = {isa = PBXBuildFile; fileRef = 8E9954C92D10ABB700663523 /* onchain_safay Extension.appex */; settings = {ATTRIBUTES = (RemoveHeadersOnCopy, ); }; };
		8E9954D42D10ABB700663523 /* onchain_safay Extension.appex in Embed Foundation Extensions */ = {isa = PBXBuildFile; fileRef = 8E9954D32D10ABB700663523 /* onchain_safay Extension.appex */; settings = {ATTRIBUTES = (RemoveHeadersOnCopy, ); }; };
/* End PBXBuildFile section */

/* Begin PBXContainerItemProxy section */
		8E9954CB2D10ABB700663523 /* PBXContainerItemProxy */ = {
			isa = PBXContainerItemProxy;
			containerPortal = 8E99548F2D10ABB600663523 /* Project object */;
			proxyType = 1;
			remoteGlobalIDString = 8E9954C82D10ABB700663523;
			remoteInfo = "onchain_safay Extension (iOS)";
		};
		8E9954D52D10ABB700663523 /* PBXContainerItemProxy */ = {
			isa = PBXContainerItemProxy;
			containerPortal = 8E99548F2D10ABB600663523 /* Project object */;
			proxyType = 1;
			remoteGlobalIDString = 8E9954D22D10ABB700663523;
			remoteInfo = "onchain_safay Extension (macOS)";
		};
/* End PBXContainerItemProxy section */

/* Begin PBXCopyFilesBuildPhase section */
		8E9954FD2D10ABB700663523 /* Embed Foundation Extensions */ = {
			isa = PBXCopyFilesBuildPhase;
			buildActionMask = 2147483647;
			dstPath = "";
			dstSubfolderSpec = 13;
			files = (
				8E9954CA2D10ABB700663523 /* onchain_safay Extension.appex in Embed Foundation Extensions */,
			);
			name = "Embed Foundation Extensions";
			runOnlyForDeploymentPostprocessing = 0;
		};
		8E9955072D10ABB700663523 /* Embed Foundation Extensions */ = {
			isa = PBXCopyFilesBuildPhase;
			buildActionMask = 2147483647;
			dstPath = "";
			dstSubfolderSpec = 13;
			files = (
				8E9954D42D10ABB700663523 /* onchain_safay Extension.appex in Embed Foundation Extensions */,
			);
			name = "Embed Foundation Extensions";
			runOnlyForDeploymentPostprocessing = 0;
		};
/* End PBXCopyFilesBuildPhase section */

/* Begin PBXFileReference section */
		8E9954AB2D10ABB700663523 /* onchain_safay.app */ = {isa = PBXFileReference; explicitFileType = wrapper.application; includeInIndex = 0; path = onchain_safay.app; sourceTree = BUILT_PRODUCTS_DIR; };
		8E9954BD2D10ABB700663523 /* onchain_safay.app */ = {isa = PBXFileReference; explicitFileType = wrapper.application; includeInIndex = 0; path = onchain_safay.app; sourceTree = BUILT_PRODUCTS_DIR; };
		8E9954C92D10ABB700663523 /* onchain_safay Extension.appex */ = {isa = PBXFileReference; explicitFileType = "wrapper.app-extension"; includeInIndex = 0; path = "onchain_safay Extension.appex"; sourceTree = BUILT_PRODUCTS_DIR; };
		8E9954D32D10ABB700663523 /* onchain_safay Extension.appex */ = {isa = PBXFileReference; explicitFileType = "wrapper.app-extension"; includeInIndex = 0; path = "onchain_safay Extension.appex"; sourceTree = BUILT_PRODUCTS_DIR; };
/* End PBXFileReference section */

/* Begin PBXFileSystemSynchronizedBuildFileExceptionSet section */
		8E9954F82D10ABB700663523 /* Exceptions for "Shared (App)" folder in "onchain_safay (iOS)" target */ = {
			isa = PBXFileSystemSynchronizedBuildFileExceptionSet;
			membershipExceptions = (
				"/Localized: Resources/Main.html",
				Assets.xcassets,
				Resources/Icon.png,
				Resources/Script.js,
				Resources/Style.css,
				ViewController.swift,
			);
			target = 8E9954AA2D10ABB700663523 /* onchain_safay (iOS) */;
		};
		8E9954FC2D10ABB700663523 /* Exceptions for "iOS (Extension)" folder in "onchain_safay Extension (iOS)" target */ = {
			isa = PBXFileSystemSynchronizedBuildFileExceptionSet;
			membershipExceptions = (
				Info.plist,
			);
			target = 8E9954C82D10ABB700663523 /* onchain_safay Extension (iOS) */;
		};
		8E9955012D10ABB700663523 /* Exceptions for "iOS (App)" folder in "onchain_safay (iOS)" target */ = {
			isa = PBXFileSystemSynchronizedBuildFileExceptionSet;
			membershipExceptions = (
				Info.plist,
			);
			target = 8E9954AA2D10ABB700663523 /* onchain_safay (iOS) */;
		};
		8E9955022D10ABB700663523 /* Exceptions for "Shared (App)" folder in "onchain_safay (macOS)" target */ = {
			isa = PBXFileSystemSynchronizedBuildFileExceptionSet;
			membershipExceptions = (
				"/Localized: Resources/Main.html",
				Assets.xcassets,
				Resources/Icon.png,
				Resources/Script.js,
				Resources/Style.css,
				ViewController.swift,
			);
			target = 8E9954BC2D10ABB700663523 /* onchain_safay (macOS) */;
		};
		8E9955062D10ABB700663523 /* Exceptions for "macOS (Extension)" folder in "onchain_safay Extension (macOS)" target */ = {
			isa = PBXFileSystemSynchronizedBuildFileExceptionSet;
			membershipExceptions = (
				Info.plist,
			);
			target = 8E9954D22D10ABB700663523 /* onchain_safay Extension (macOS) */;
		};
		8E99550B2D10ABB700663523 /* Exceptions for "Shared (Extension)" folder in "onchain_safay Extension (iOS)" target */ = {
			isa = PBXFileSystemSynchronizedBuildFileExceptionSet;
			membershipExceptions = (
				Resources/_locales,
				Resources/background.js,
				Resources/content.js,
				Resources/images,
				Resources/manifest.json,
				Resources/popup.css,
				Resources/popup.html,
				Resources/popup.js,
				SafariWebExtensionHandler.swift,
			);
			target = 8E9954C82D10ABB700663523 /* onchain_safay Extension (iOS) */;
		};
		8E99550C2D10ABB700663523 /* Exceptions for "Shared (Extension)" folder in "onchain_safay Extension (macOS)" target */ = {
			isa = PBXFileSystemSynchronizedBuildFileExceptionSet;
			membershipExceptions = (
				Resources/_locales,
				Resources/background.js,
				Resources/content.js,
				Resources/images,
				Resources/manifest.json,
				Resources/popup.css,
				Resources/popup.html,
				Resources/popup.js,
				SafariWebExtensionHandler.swift,
			);
			target = 8E9954D22D10ABB700663523 /* onchain_safay Extension (macOS) */;
		};
/* End PBXFileSystemSynchronizedBuildFileExceptionSet section */

/* Begin PBXFileSystemSynchronizedRootGroup section */
		8E9954932D10ABB600663523 /* Shared (App) */ = {
			isa = PBXFileSystemSynchronizedRootGroup;
			exceptions = (
				8E9954F82D10ABB700663523 /* Exceptions for "Shared (App)" folder in "onchain_safay (iOS)" target */,
				8E9955022D10ABB700663523 /* Exceptions for "Shared (App)" folder in "onchain_safay (macOS)" target */,
			);
			path = "Shared (App)";
			sourceTree = "<group>";
		};
		8E99549C2D10ABB700663523 /* Shared (Extension) */ = {
			isa = PBXFileSystemSynchronizedRootGroup;
			exceptions = (
				8E99550B2D10ABB700663523 /* Exceptions for "Shared (Extension)" folder in "onchain_safay Extension (iOS)" target */,
				8E99550C2D10ABB700663523 /* Exceptions for "Shared (Extension)" folder in "onchain_safay Extension (macOS)" target */,
			);
			explicitFolders = (
				Resources/_locales,
				Resources/images,
			);
			path = "Shared (Extension)";
			sourceTree = "<group>";
		};
		8E9954AD2D10ABB700663523 /* iOS (App) */ = {
			isa = PBXFileSystemSynchronizedRootGroup;
			exceptions = (
				8E9955012D10ABB700663523 /* Exceptions for "iOS (App)" folder in "onchain_safay (iOS)" target */,
			);
			path = "iOS (App)";
			sourceTree = "<group>";
		};
		8E9954BE2D10ABB700663523 /* macOS (App) */ = {
			isa = PBXFileSystemSynchronizedRootGroup;
			path = "macOS (App)";
			sourceTree = "<group>";
		};
		8E9954CD2D10ABB700663523 /* iOS (Extension) */ = {
			isa = PBXFileSystemSynchronizedRootGroup;
			exceptions = (
				8E9954FC2D10ABB700663523 /* Exceptions for "iOS (Extension)" folder in "onchain_safay Extension (iOS)" target */,
			);
			path = "iOS (Extension)";
			sourceTree = "<group>";
		};
		8E9954D72D10ABB700663523 /* macOS (Extension) */ = {
			isa = PBXFileSystemSynchronizedRootGroup;
			exceptions = (
				8E9955062D10ABB700663523 /* Exceptions for "macOS (Extension)" folder in "onchain_safay Extension (macOS)" target */,
			);
			path = "macOS (Extension)";
			sourceTree = "<group>";
		};
/* End PBXFileSystemSynchronizedRootGroup section */

/* Begin PBXFrameworksBuildPhase section */
		8E9954A82D10ABB700663523 /* Frameworks */ = {
			isa = PBXFrameworksBuildPhase;
			buildActionMask = 2147483647;
			files = (
			);
			runOnlyForDeploymentPostprocessing = 0;
		};
		8E9954BA2D10ABB700663523 /* Frameworks */ = {
			isa = PBXFrameworksBuildPhase;
			buildActionMask = 2147483647;
			files = (
			);
			runOnlyForDeploymentPostprocessing = 0;
		};
		8E9954C62D10ABB700663523 /* Frameworks */ = {
			isa = PBXFrameworksBuildPhase;
			buildActionMask = 2147483647;
			files = (
			);
			runOnlyForDeploymentPostprocessing = 0;
		};
		8E9954D02D10ABB700663523 /* Frameworks */ = {
			isa = PBXFrameworksBuildPhase;
			buildActionMask = 2147483647;
			files = (
			);
			runOnlyForDeploymentPostprocessing = 0;
		};
/* End PBXFrameworksBuildPhase section */

/* Begin PBXGroup section */
		8E99548E2D10ABB600663523 = {
			isa = PBXGroup;
			children = (
				8E9954932D10ABB600663523 /* Shared (App) */,
				8E99549C2D10ABB700663523 /* Shared (Extension) */,
				8E9954AD2D10ABB700663523 /* iOS (App) */,
				8E9954BE2D10ABB700663523 /* macOS (App) */,
				8E9954CD2D10ABB700663523 /* iOS (Extension) */,
				8E9954D72D10ABB700663523 /* macOS (Extension) */,
				8E9954AC2D10ABB700663523 /* Products */,
			);
			sourceTree = "<group>";
		};
		8E9954AC2D10ABB700663523 /* Products */ = {
			isa = PBXGroup;
			children = (
				8E9954AB2D10ABB700663523 /* onchain_safay.app */,
				8E9954BD2D10ABB700663523 /* onchain_safay.app */,
				8E9954C92D10ABB700663523 /* onchain_safay Extension.appex */,
				8E9954D32D10ABB700663523 /* onchain_safay Extension.appex */,
			);
			name = Products;
			sourceTree = "<group>";
		};
/* End PBXGroup section */

/* Begin PBXNativeTarget section */
		8E9954AA2D10ABB700663523 /* onchain_safay (iOS) */ = {
			isa = PBXNativeTarget;
			buildConfigurationList = 8E9954FE2D10ABB700663523 /* Build configuration list for PBXNativeTarget "onchain_safay (iOS)" */;
			buildPhases = (
				8E9954A72D10ABB700663523 /* Sources */,
				8E9954A82D10ABB700663523 /* Frameworks */,
				8E9954A92D10ABB700663523 /* Resources */,
				8E9954FD2D10ABB700663523 /* Embed Foundation Extensions */,
			);
			buildRules = (
			);
			dependencies = (
				8E9954CC2D10ABB700663523 /* PBXTargetDependency */,
			);
			fileSystemSynchronizedGroups = (
				8E9954AD2D10ABB700663523 /* iOS (App) */,
			);
			name = "onchain_safay (iOS)";
			packageProductDependencies = (
			);
			productName = "onchain_safay (iOS)";
			productReference = 8E9954AB2D10ABB700663523 /* onchain_safay.app */;
			productType = "com.apple.product-type.application";
		};
		8E9954BC2D10ABB700663523 /* onchain_safay (macOS) */ = {
			isa = PBXNativeTarget;
			buildConfigurationList = 8E9955082D10ABB700663523 /* Build configuration list for PBXNativeTarget "onchain_safay (macOS)" */;
			buildPhases = (
				8E9954B92D10ABB700663523 /* Sources */,
				8E9954BA2D10ABB700663523 /* Frameworks */,
				8E9954BB2D10ABB700663523 /* Resources */,
				8E9955072D10ABB700663523 /* Embed Foundation Extensions */,
			);
			buildRules = (
			);
			dependencies = (
				8E9954D62D10ABB700663523 /* PBXTargetDependency */,
			);
			fileSystemSynchronizedGroups = (
				8E9954BE2D10ABB700663523 /* macOS (App) */,
			);
			name = "onchain_safay (macOS)";
			packageProductDependencies = (
			);
			productName = "onchain_safay (macOS)";
			productReference = 8E9954BD2D10ABB700663523 /* onchain_safay.app */;
			productType = "com.apple.product-type.application";
		};
		8E9954C82D10ABB700663523 /* onchain_safay Extension (iOS) */ = {
			isa = PBXNativeTarget;
			buildConfigurationList = 8E9954F92D10ABB700663523 /* Build configuration list for PBXNativeTarget "onchain_safay Extension (iOS)" */;
			buildPhases = (
				8E9954C52D10ABB700663523 /* Sources */,
				8E9954C62D10ABB700663523 /* Frameworks */,
				8E9954C72D10ABB700663523 /* Resources */,
			);
			buildRules = (
			);
			dependencies = (
			);
			fileSystemSynchronizedGroups = (
				8E9954CD2D10ABB700663523 /* iOS (Extension) */,
			);
			name = "onchain_safay Extension (iOS)";
			packageProductDependencies = (
			);
			productName = "onchain_safay Extension (iOS)";
			productReference = 8E9954C92D10ABB700663523 /* onchain_safay Extension.appex */;
			productType = "com.apple.product-type.app-extension";
		};
		8E9954D22D10ABB700663523 /* onchain_safay Extension (macOS) */ = {
			isa = PBXNativeTarget;
			buildConfigurationList = 8E9955032D10ABB700663523 /* Build configuration list for PBXNativeTarget "onchain_safay Extension (macOS)" */;
			buildPhases = (
				8E9954CF2D10ABB700663523 /* Sources */,
				8E9954D02D10ABB700663523 /* Frameworks */,
				8E9954D12D10ABB700663523 /* Resources */,
			);
			buildRules = (
			);
			dependencies = (
			);
			fileSystemSynchronizedGroups = (
				8E9954D72D10ABB700663523 /* macOS (Extension) */,
			);
			name = "onchain_safay Extension (macOS)";
			packageProductDependencies = (
			);
			productName = "onchain_safay Extension (macOS)";
			productReference = 8E9954D32D10ABB700663523 /* onchain_safay Extension.appex */;
			productType = "com.apple.product-type.app-extension";
		};
/* End PBXNativeTarget section */

/* Begin PBXProject section */
		8E99548F2D10ABB600663523 /* Project object */ = {
			isa = PBXProject;
			attributes = {
				BuildIndependentTargetsInParallel = 1;
				LastSwiftUpdateCheck = 1620;
				LastUpgradeCheck = 1620;
				TargetAttributes = {
					8E9954AA2D10ABB700663523 = {
						CreatedOnToolsVersion = 16.2;
					};
					8E9954BC2D10ABB700663523 = {
						CreatedOnToolsVersion = 16.2;
					};
					8E9954C82D10ABB700663523 = {
						CreatedOnToolsVersion = 16.2;
					};
					8E9954D22D10ABB700663523 = {
						CreatedOnToolsVersion = 16.2;
					};
				};
			};
			buildConfigurationList = 8E9954922D10ABB600663523 /* Build configuration list for PBXProject "onchain_safay" */;
			developmentRegion = en;
			hasScannedForEncodings = 0;
			knownRegions = (
				en,
				Base,
			);
			mainGroup = 8E99548E2D10ABB600663523;
			minimizedProjectReferenceProxies = 1;
			preferredProjectObjectVersion = 77;
			productRefGroup = 8E9954AC2D10ABB700663523 /* Products */;
			projectDirPath = "";
			projectRoot = "";
			targets = (
				8E9954AA2D10ABB700663523 /* onchain_safay (iOS) */,
				8E9954BC2D10ABB700663523 /* onchain_safay (macOS) */,
				8E9954C82D10ABB700663523 /* onchain_safay Extension (iOS) */,
				8E9954D22D10ABB700663523 /* onchain_safay Extension (macOS) */,
			);
		};
/* End PBXProject section */

/* Begin PBXResourcesBuildPhase section */
		8E9954A92D10ABB700663523 /* Resources */ = {
			isa = PBXResourcesBuildPhase;
			buildActionMask = 2147483647;
			files = (
			);
			runOnlyForDeploymentPostprocessing = 0;
		};
		8E9954BB2D10ABB700663523 /* Resources */ = {
			isa = PBXResourcesBuildPhase;
			buildActionMask = 2147483647;
			files = (
			);
			runOnlyForDeploymentPostprocessing = 0;
		};
		8E9954C72D10ABB700663523 /* Resources */ = {
			isa = PBXResourcesBuildPhase;
			buildActionMask = 2147483647;
			files = (
			);
			runOnlyForDeploymentPostprocessing = 0;
		};
		8E9954D12D10ABB700663523 /* Resources */ = {
			isa = PBXResourcesBuildPhase;
			buildActionMask = 2147483647;
			files = (
			);
			runOnlyForDeploymentPostprocessing = 0;
		};
/* End PBXResourcesBuildPhase section */

/* Begin PBXSourcesBuildPhase section */
		8E9954A72D10ABB700663523 /* Sources */ = {
			isa = PBXSourcesBuildPhase;
			buildActionMask = 2147483647;
			files = (
			);
			runOnlyForDeploymentPostprocessing = 0;
		};
		8E9954B92D10ABB700663523 /* Sources */ = {
			isa = PBXSourcesBuildPhase;
			buildActionMask = 2147483647;
			files = (
			);
			runOnlyForDeploymentPostprocessing = 0;
		};
		8E9954C52D10ABB700663523 /* Sources */ = {
			isa = PBXSourcesBuildPhase;
			buildActionMask = 2147483647;
			files = (
			);
			runOnlyForDeploymentPostprocessing = 0;
		};
		8E9954CF2D10ABB700663523 /* Sources */ = {
			isa = PBXSourcesBuildPhase;
			buildActionMask = 2147483647;
			files = (
			);
			runOnlyForDeploymentPostprocessing = 0;
		};
/* End PBXSourcesBuildPhase section */

/* Begin PBXTargetDependency section */
		8E9954CC2D10ABB700663523 /* PBXTargetDependency */ = {
			isa = PBXTargetDependency;
			target = 8E9954C82D10ABB700663523 /* onchain_safay Extension (iOS) */;
			targetProxy = 8E9954CB2D10ABB700663523 /* PBXContainerItemProxy */;
		};
		8E9954D62D10ABB700663523 /* PBXTargetDependency */ = {
			isa = PBXTargetDependency;
			target = 8E9954D22D10ABB700663523 /* onchain_safay Extension (macOS) */;
			targetProxy = 8E9954D52D10ABB700663523 /* PBXContainerItemProxy */;
		};
/* End PBXTargetDependency section */

/* Begin XCBuildConfiguration section */
		8E9954FA2D10ABB700663523 /* Debug */ = {
			isa = XCBuildConfiguration;
			buildSettings = {
				CODE_SIGN_STYLE = Automatic;
				CURRENT_PROJECT_VERSION = 1;
				GENERATE_INFOPLIST_FILE = YES;
				INFOPLIST_FILE = "iOS (Extension)/Info.plist";
				INFOPLIST_KEY_CFBundleDisplayName = "onchain_safay Extension";
				INFOPLIST_KEY_NSHumanReadableCopyright = "";
				IPHONEOS_DEPLOYMENT_TARGET = 15.0;
				LD_RUNPATH_SEARCH_PATHS = (
					"$(inherited)",
					"@executable_path/Frameworks",
					"@executable_path/../../Frameworks",
				);
				MARKETING_VERSION = 1.0;
				OTHER_LDFLAGS = (
					"-framework",
					SafariServices,
				);
				PRODUCT_BUNDLE_IDENTIFIER = "onchainers.onchain-safay.Extension";
				PRODUCT_NAME = "onchain_safay Extension";
				SDKROOT = iphoneos;
				SKIP_INSTALL = YES;
				SWIFT_EMIT_LOC_STRINGS = YES;
				SWIFT_VERSION = 5.0;
				TARGETED_DEVICE_FAMILY = "1,2";
			};
			name = Debug;
		};
		8E9954FB2D10ABB700663523 /* Release */ = {
			isa = XCBuildConfiguration;
			buildSettings = {
				CODE_SIGN_STYLE = Automatic;
				CURRENT_PROJECT_VERSION = 1;
				GENERATE_INFOPLIST_FILE = YES;
				INFOPLIST_FILE = "iOS (Extension)/Info.plist";
				INFOPLIST_KEY_CFBundleDisplayName = "onchain_safay Extension";
				INFOPLIST_KEY_NSHumanReadableCopyright = "";
				IPHONEOS_DEPLOYMENT_TARGET = 15.0;
				LD_RUNPATH_SEARCH_PATHS = (
					"$(inherited)",
					"@executable_path/Frameworks",
					"@executable_path/../../Frameworks",
				);
				MARKETING_VERSION = 1.0;
				OTHER_LDFLAGS = (
					"-framework",
					SafariServices,
				);
				PRODUCT_BUNDLE_IDENTIFIER = "onchainers.onchain-safay.Extension";
				PRODUCT_NAME = "onchain_safay Extension";
				SDKROOT = iphoneos;
				SKIP_INSTALL = YES;
				SWIFT_EMIT_LOC_STRINGS = YES;
				SWIFT_VERSION = 5.0;
				TARGETED_DEVICE_FAMILY = "1,2";
				VALIDATE_PRODUCT = YES;
			};
			name = Release;
		};
		8E9954FF2D10ABB700663523 /* Debug */ = {
			isa = XCBuildConfiguration;
			buildSettings = {
				ASSETCATALOG_COMPILER_APPICON_NAME = AppIcon;
				ASSETCATALOG_COMPILER_GLOBAL_ACCENT_COLOR_NAME = AccentColor;
				CODE_SIGN_STYLE = Automatic;
				CURRENT_PROJECT_VERSION = 1;
				GENERATE_INFOPLIST_FILE = YES;
				INFOPLIST_FILE = "iOS (App)/Info.plist";
				INFOPLIST_KEY_CFBundleDisplayName = onchain_safay;
				INFOPLIST_KEY_UIApplicationSupportsIndirectInputEvents = YES;
				INFOPLIST_KEY_UILaunchStoryboardName = LaunchScreen;
				INFOPLIST_KEY_UIMainStoryboardFile = Main;
				INFOPLIST_KEY_UISupportedInterfaceOrientations = "UIInterfaceOrientationPortrait UIInterfaceOrientationLandscapeLeft UIInterfaceOrientationLandscapeRight";
				INFOPLIST_KEY_UISupportedInterfaceOrientations_iPad = "UIInterfaceOrientationPortrait UIInterfaceOrientationPortraitUpsideDown UIInterfaceOrientationLandscapeLeft UIInterfaceOrientationLandscapeRight";
				IPHONEOS_DEPLOYMENT_TARGET = 15.0;
				LD_RUNPATH_SEARCH_PATHS = (
					"$(inherited)",
					"@executable_path/Frameworks",
				);
				MARKETING_VERSION = 1.0;
				OTHER_LDFLAGS = (
					"-framework",
					SafariServices,
					"-framework",
					WebKit,
				);
				PRODUCT_BUNDLE_IDENTIFIER = "onchainers.onchain-safay";
				PRODUCT_NAME = onchain_safay;
				SDKROOT = iphoneos;
				SWIFT_EMIT_LOC_STRINGS = YES;
				SWIFT_VERSION = 5.0;
				TARGETED_DEVICE_FAMILY = "1,2";
			};
			name = Debug;
		};
		8E9955002D10ABB700663523 /* Release */ = {
			isa = XCBuildConfiguration;
			buildSettings = {
				ASSETCATALOG_COMPILER_APPICON_NAME = AppIcon;
				ASSETCATALOG_COMPILER_GLOBAL_ACCENT_COLOR_NAME = AccentColor;
				CODE_SIGN_STYLE = Automatic;
				CURRENT_PROJECT_VERSION = 1;
				GENERATE_INFOPLIST_FILE = YES;
				INFOPLIST_FILE = "iOS (App)/Info.plist";
				INFOPLIST_KEY_CFBundleDisplayName = onchain_safay;
				INFOPLIST_KEY_UIApplicationSupportsIndirectInputEvents = YES;
				INFOPLIST_KEY_UILaunchStoryboardName = LaunchScreen;
				INFOPLIST_KEY_UIMainStoryboardFile = Main;
				INFOPLIST_KEY_UISupportedInterfaceOrientations = "UIInterfaceOrientationPortrait UIInterfaceOrientationLandscapeLeft UIInterfaceOrientationLandscapeRight";
				INFOPLIST_KEY_UISupportedInterfaceOrientations_iPad = "UIInterfaceOrientationPortrait UIInterfaceOrientationPortraitUpsideDown UIInterfaceOrientationLandscapeLeft UIInterfaceOrientationLandscapeRight";
				IPHONEOS_DEPLOYMENT_TARGET = 15.0;
				LD_RUNPATH_SEARCH_PATHS = (
					"$(inherited)",
					"@executable_path/Frameworks",
				);
				MARKETING_VERSION = 1.0;
				OTHER_LDFLAGS = (
					"-framework",
					SafariServices,
					"-framework",
					WebKit,
				);
				PRODUCT_BUNDLE_IDENTIFIER = "onchainers.onchain-safay";
				PRODUCT_NAME = onchain_safay;
				SDKROOT = iphoneos;
				SWIFT_EMIT_LOC_STRINGS = YES;
				SWIFT_VERSION = 5.0;
				TARGETED_DEVICE_FAMILY = "1,2";
				VALIDATE_PRODUCT = YES;
			};
			name = Release;
		};
		8E9955042D10ABB700663523 /* Debug */ = {
			isa = XCBuildConfiguration;
			buildSettings = {
				CODE_SIGN_ENTITLEMENTS = "macOS (Extension)/onchain_safay.entitlements";
				CODE_SIGN_STYLE = Automatic;
				CURRENT_PROJECT_VERSION = 1;
				ENABLE_HARDENED_RUNTIME = YES;
				GENERATE_INFOPLIST_FILE = YES;
				INFOPLIST_FILE = "macOS (Extension)/Info.plist";
				INFOPLIST_KEY_CFBundleDisplayName = "onchain_safay Extension";
				INFOPLIST_KEY_NSHumanReadableCopyright = "";
				LD_RUNPATH_SEARCH_PATHS = (
					"$(inherited)",
					"@executable_path/../Frameworks",
					"@executable_path/../../../../Frameworks",
				);
				MACOSX_DEPLOYMENT_TARGET = 10.14;
				MARKETING_VERSION = 1.0;
				OTHER_LDFLAGS = (
					"-framework",
					SafariServices,
				);
				PRODUCT_BUNDLE_IDENTIFIER = "onchainers.onchain-safay.Extension";
				PRODUCT_NAME = "onchain_safay Extension";
				SDKROOT = macosx;
				SKIP_INSTALL = YES;
				SWIFT_EMIT_LOC_STRINGS = YES;
				SWIFT_VERSION = 5.0;
			};
			name = Debug;
		};
		8E9955052D10ABB700663523 /* Release */ = {
			isa = XCBuildConfiguration;
			buildSettings = {
				CODE_SIGN_ENTITLEMENTS = "macOS (Extension)/onchain_safay.entitlements";
				CODE_SIGN_STYLE = Automatic;
				CURRENT_PROJECT_VERSION = 1;
				ENABLE_HARDENED_RUNTIME = YES;
				GENERATE_INFOPLIST_FILE = YES;
				INFOPLIST_FILE = "macOS (Extension)/Info.plist";
				INFOPLIST_KEY_CFBundleDisplayName = "onchain_safay Extension";
				INFOPLIST_KEY_NSHumanReadableCopyright = "";
				LD_RUNPATH_SEARCH_PATHS = (
					"$(inherited)",
					"@executable_path/../Frameworks",
					"@executable_path/../../../../Frameworks",
				);
				MACOSX_DEPLOYMENT_TARGET = 10.14;
				MARKETING_VERSION = 1.0;
				OTHER_LDFLAGS = (
					"-framework",
					SafariServices,
				);
				PRODUCT_BUNDLE_IDENTIFIER = "onchainers.onchain-safay.Extension";
				PRODUCT_NAME = "onchain_safay Extension";
				SDKROOT = macosx;
				SKIP_INSTALL = YES;
				SWIFT_EMIT_LOC_STRINGS = YES;
				SWIFT_VERSION = 5.0;
			};
			name = Release;
		};
		8E9955092D10ABB700663523 /* Debug */ = {
			isa = XCBuildConfiguration;
			buildSettings = {
				ASSETCATALOG_COMPILER_APPICON_NAME = AppIcon;
				ASSETCATALOG_COMPILER_GLOBAL_ACCENT_COLOR_NAME = AccentColor;
				CODE_SIGN_ENTITLEMENTS = "macOS (App)/onchain_safay.entitlements";
				CODE_SIGN_STYLE = Automatic;
				CURRENT_PROJECT_VERSION = 1;
				ENABLE_HARDENED_RUNTIME = YES;
				GENERATE_INFOPLIST_FILE = YES;
				INFOPLIST_KEY_CFBundleDisplayName = onchain_safay;
				INFOPLIST_KEY_NSMainStoryboardFile = Main;
				INFOPLIST_KEY_NSPrincipalClass = NSApplication;
				LD_RUNPATH_SEARCH_PATHS = (
					"$(inherited)",
					"@executable_path/../Frameworks",
				);
				MACOSX_DEPLOYMENT_TARGET = 10.14;
				MARKETING_VERSION = 1.0;
				OTHER_LDFLAGS = (
					"-framework",
					SafariServices,
					"-framework",
					WebKit,
				);
				PRODUCT_BUNDLE_IDENTIFIER = "onchainers.onchain-safay";
				PRODUCT_NAME = onchain_safay;
				SDKROOT = macosx;
				SWIFT_EMIT_LOC_STRINGS = YES;
				SWIFT_VERSION = 5.0;
			};
			name = Debug;
		};
		8E99550A2D10ABB700663523 /* Release */ = {
			isa = XCBuildConfiguration;
			buildSettings = {
				ASSETCATALOG_COMPILER_APPICON_NAME = AppIcon;
				ASSETCATALOG_COMPILER_GLOBAL_ACCENT_COLOR_NAME = AccentColor;
				CODE_SIGN_ENTITLEMENTS = "macOS (App)/onchain_safay.entitlements";
				CODE_SIGN_STYLE = Automatic;
				CURRENT_PROJECT_VERSION = 1;
				ENABLE_HARDENED_RUNTIME = YES;
				GENERATE_INFOPLIST_FILE = YES;
				INFOPLIST_KEY_CFBundleDisplayName = onchain_safay;
				INFOPLIST_KEY_NSMainStoryboardFile = Main;
				INFOPLIST_KEY_NSPrincipalClass = NSApplication;
				LD_RUNPATH_SEARCH_PATHS = (
					"$(inherited)",
					"@executable_path/../Frameworks",
				);
				MACOSX_DEPLOYMENT_TARGET = 10.14;
				MARKETING_VERSION = 1.0;
				OTHER_LDFLAGS = (
					"-framework",
					SafariServices,
					"-framework",
					WebKit,
				);
				PRODUCT_BUNDLE_IDENTIFIER = "onchainers.onchain-safay";
				PRODUCT_NAME = onchain_safay;
				SDKROOT = macosx;
				SWIFT_EMIT_LOC_STRINGS = YES;
				SWIFT_VERSION = 5.0;
			};
			name = Release;
		};
		8E99550D2D10ABB700663523 /* Debug */ = {
			isa = XCBuildConfiguration;
			buildSettings = {
				ALWAYS_SEARCH_USER_PATHS = NO;
				ASSETCATALOG_COMPILER_GENERATE_SWIFT_ASSET_SYMBOL_EXTENSIONS = YES;
				CLANG_ANALYZER_NONNULL = YES;
				CLANG_ANALYZER_NUMBER_OBJECT_CONVERSION = YES_AGGRESSIVE;
				CLANG_CXX_LANGUAGE_STANDARD = "gnu++20";
				CLANG_ENABLE_MODULES = YES;
				CLANG_ENABLE_OBJC_ARC = YES;
				CLANG_ENABLE_OBJC_WEAK = YES;
				CLANG_WARN_BLOCK_CAPTURE_AUTORELEASING = YES;
				CLANG_WARN_BOOL_CONVERSION = YES;
				CLANG_WARN_COMMA = YES;
				CLANG_WARN_CONSTANT_CONVERSION = YES;
				CLANG_WARN_DEPRECATED_OBJC_IMPLEMENTATIONS = YES;
				CLANG_WARN_DIRECT_OBJC_ISA_USAGE = YES_ERROR;
				CLANG_WARN_DOCUMENTATION_COMMENTS = YES;
				CLANG_WARN_EMPTY_BODY = YES;
				CLANG_WARN_ENUM_CONVERSION = YES;
				CLANG_WARN_INFINITE_RECURSION = YES;
				CLANG_WARN_INT_CONVERSION = YES;
				CLANG_WARN_NON_LITERAL_NULL_CONVERSION = YES;
				CLANG_WARN_OBJC_IMPLICIT_RETAIN_SELF = YES;
				CLANG_WARN_OBJC_LITERAL_CONVERSION = YES;
				CLANG_WARN_OBJC_ROOT_CLASS = YES_ERROR;
				CLANG_WARN_QUOTED_INCLUDE_IN_FRAMEWORK_HEADER = YES;
				CLANG_WARN_RANGE_LOOP_ANALYSIS = YES;
				CLANG_WARN_STRICT_PROTOTYPES = YES;
				CLANG_WARN_SUSPICIOUS_MOVE = YES;
				CLANG_WARN_UNGUARDED_AVAILABILITY = YES_AGGRESSIVE;
				CLANG_WARN_UNREACHABLE_CODE = YES;
				CLANG_WARN__DUPLICATE_METHOD_MATCH = YES;
				COPY_PHASE_STRIP = NO;
				DEBUG_INFORMATION_FORMAT = dwarf;
				ENABLE_STRICT_OBJC_MSGSEND = YES;
				ENABLE_TESTABILITY = YES;
				ENABLE_USER_SCRIPT_SANDBOXING = YES;
				GCC_C_LANGUAGE_STANDARD = gnu17;
				GCC_DYNAMIC_NO_PIC = NO;
				GCC_NO_COMMON_BLOCKS = YES;
				GCC_OPTIMIZATION_LEVEL = 0;
				GCC_PREPROCESSOR_DEFINITIONS = (
					"DEBUG=1",
					"$(inherited)",
				);
				GCC_WARN_64_TO_32_BIT_CONVERSION = YES;
				GCC_WARN_ABOUT_RETURN_TYPE = YES_ERROR;
				GCC_WARN_UNDECLARED_SELECTOR = YES;
				GCC_WARN_UNINITIALIZED_AUTOS = YES_AGGRESSIVE;
				GCC_WARN_UNUSED_FUNCTION = YES;
				GCC_WARN_UNUSED_VARIABLE = YES;
				LOCALIZATION_PREFERS_STRING_CATALOGS = YES;
				MTL_ENABLE_DEBUG_INFO = INCLUDE_SOURCE;
				MTL_FAST_MATH = YES;
				ONLY_ACTIVE_ARCH = YES;
				SWIFT_ACTIVE_COMPILATION_CONDITIONS = "DEBUG $(inherited)";
				SWIFT_OPTIMIZATION_LEVEL = "-Onone";
			};
			name = Debug;
		};
		8E99550E2D10ABB700663523 /* Release */ = {
			isa = XCBuildConfiguration;
			buildSettings = {
				ALWAYS_SEARCH_USER_PATHS = NO;
				ASSETCATALOG_COMPILER_GENERATE_SWIFT_ASSET_SYMBOL_EXTENSIONS = YES;
				CLANG_ANALYZER_NONNULL = YES;
				CLANG_ANALYZER_NUMBER_OBJECT_CONVERSION = YES_AGGRESSIVE;
				CLANG_CXX_LANGUAGE_STANDARD = "gnu++20";
				CLANG_ENABLE_MODULES = YES;
				CLANG_ENABLE_OBJC_ARC = YES;
				CLANG_ENABLE_OBJC_WEAK = YES;
				CLANG_WARN_BLOCK_CAPTURE_AUTORELEASING = YES;
				CLANG_WARN_BOOL_CONVERSION = YES;
				CLANG_WARN_COMMA = YES;
				CLANG_WARN_CONSTANT_CONVERSION = YES;
				CLANG_WARN_DEPRECATED_OBJC_IMPLEMENTATIONS = YES;
				CLANG_WARN_DIRECT_OBJC_ISA_USAGE = YES_ERROR;
				CLANG_WARN_DOCUMENTATION_COMMENTS = YES;
				CLANG_WARN_EMPTY_BODY = YES;
				CLANG_WARN_ENUM_CONVERSION = YES;
				CLANG_WARN_INFINITE_RECURSION = YES;
				CLANG_WARN_INT_CONVERSION = YES;
				CLANG_WARN_NON_LITERAL_NULL_CONVERSION = YES;
				CLANG_WARN_OBJC_IMPLICIT_RETAIN_SELF = YES;
				CLANG_WARN_OBJC_LITERAL_CONVERSION = YES;
				CLANG_WARN_OBJC_ROOT_CLASS = YES_ERROR;
				CLANG_WARN_QUOTED_INCLUDE_IN_FRAMEWORK_HEADER = YES;
				CLANG_WARN_RANGE_LOOP_ANALYSIS = YES;
				CLANG_WARN_STRICT_PROTOTYPES = YES;
				CLANG_WARN_SUSPICIOUS_MOVE = YES;
				CLANG_WARN_UNGUARDED_AVAILABILITY = YES_AGGRESSIVE;
				CLANG_WARN_UNREACHABLE_CODE = YES;
				CLANG_WARN__DUPLICATE_METHOD_MATCH = YES;
				COPY_PHASE_STRIP = NO;
				DEBUG_INFORMATION_FORMAT = "dwarf-with-dsym";
				ENABLE_NS_ASSERTIONS = NO;
				ENABLE_STRICT_OBJC_MSGSEND = YES;
				ENABLE_USER_SCRIPT_SANDBOXING = YES;
				GCC_C_LANGUAGE_STANDARD = gnu17;
				GCC_NO_COMMON_BLOCKS = YES;
				GCC_WARN_64_TO_32_BIT_CONVERSION = YES;
				GCC_WARN_ABOUT_RETURN_TYPE = YES_ERROR;
				GCC_WARN_UNDECLARED_SELECTOR = YES;
				GCC_WARN_UNINITIALIZED_AUTOS = YES_AGGRESSIVE;
				GCC_WARN_UNUSED_FUNCTION = YES;
				GCC_WARN_UNUSED_VARIABLE = YES;
				LOCALIZATION_PREFERS_STRING_CATALOGS = YES;
				MTL_ENABLE_DEBUG_INFO = NO;
				MTL_FAST_MATH = YES;
				SWIFT_COMPILATION_MODE = wholemodule;
			};
			name = Release;
		};
/* End XCBuildConfiguration section */

/* Begin XCConfigurationList section */
		8E9954922D10ABB600663523 /* Build configuration list for PBXProject "onchain_safay" */ = {
			isa = XCConfigurationList;
			buildConfigurations = (
				8E99550D2D10ABB700663523 /* Debug */,
				8E99550E2D10ABB700663523 /* Release */,
			);
			defaultConfigurationIsVisible = 0;
			defaultConfigurationName = Release;
		};
		8E9954F92D10ABB700663523 /* Build configuration list for PBXNativeTarget "onchain_safay Extension (iOS)" */ = {
			isa = XCConfigurationList;
			buildConfigurations = (
				8E9954FA2D10ABB700663523 /* Debug */,
				8E9954FB2D10ABB700663523 /* Release */,
			);
			defaultConfigurationIsVisible = 0;
			defaultConfigurationName = Release;
		};
		8E9954FE2D10ABB700663523 /* Build configuration list for PBXNativeTarget "onchain_safay (iOS)" */ = {
			isa = XCConfigurationList;
			buildConfigurations = (
				8E9954FF2D10ABB700663523 /* Debug */,
				8E9955002D10ABB700663523 /* Release */,
			);
			defaultConfigurationIsVisible = 0;
			defaultConfigurationName = Release;
		};
		8E9955032D10ABB700663523 /* Build configuration list for PBXNativeTarget "onchain_safay Extension (macOS)" */ = {
			isa = XCConfigurationList;
			buildConfigurations = (
				8E9955042D10ABB700663523 /* Debug */,
				8E9955052D10ABB700663523 /* Release */,
			);
			defaultConfigurationIsVisible = 0;
			defaultConfigurationName = Release;
		};
		8E9955082D10ABB700663523 /* Build configuration list for PBXNativeTarget "onchain_safay (macOS)" */ = {
			isa = XCConfigurationList;
			buildConfigurations = (
				8E9955092D10ABB700663523 /* Debug */,
				8E99550A2D10ABB700663523 /* Release */,
			);
			defaultConfigurationIsVisible = 0;
			defaultConfigurationName = Release;
		};
/* End XCConfigurationList section */
	};
	rootObject = 8E99548F2D10ABB600663523 /* Project object */;
}
